github.com/DeanThompson/syncmap v0.0.0-20170515023643-05cfe1984971 h1:P8qOH96Et86xkkgCNYcl5jHBo05+6KUY9CAmrkdBr64=
github.com/DeanThompson/syncmap v0.0.0-20170515023643-05cfe1984971/go.mod h1:RGMdy7wvPQ2t5WjOOKhtLg58+TXZEK0vkmrdOtM4gO8=
github.com/alecthomas/kingpin v2.2.6+incompatible h1:5svnBTFgJjZvGKyYBtMB0+m5wvrbUHiqye8wRJMlnYI=
github.com/alecthomas/kingpin v2.2.6+incompatible/go.mod h1:59OFYbFVLKQKq+mqrL6Rw5bR0c3ACQaawgXx0QYndlE=
github.com/alecthomas/template v0.0.0-20160405071501-a0175ee3bccc h1:cAKDfWh5VpdgMhJosfJnn5/FoN2SRZ4p7fJNX58YPaU=
github.com/alecthomas/template v0.0.0-20160405071501-a0175ee3bccc/go.mod h1:LOuyumcjzFXgccqObfd/Ljyb9UuFJ6TxHnclSeseNhc=
github.com/alecthomas/units v0.0.0-20151022065526-2efee857e7cf h1:qet1QNfXsQxTZqLG4oE62mJzwPIB8+Tee4RNCL9ulrY=
github.com/alecthomas/units v0.0.0-20151022065526-2efee857e7cf/go.mod h1:ybxpYRFXyAe+OPACYpWeL0wqObRcbAqCMya13uyzqw0=
github.com/codeskyblue/goreq v0.0.0-20180831024223-49450746aaef h1:sdL9ZNuTIsV2PBifPLBUvHNmWJG/ohPw04Y0mizsD8Y=
github.com/codeskyblue/goreq v0.0.0-20180831024223-49450746aaef/go.mod h1:oLy8Ek90H3f0q7rfacBoiG5HXJo4fDKU800pciAk4ZQ=
github.com/codeskyblue/heartbeat v0.0.0-20180510083815-41c9a36c9169 h1:P+SqriwlWNS+MKgPC6JTs7Lipgk+yScuxzqFAvtVXNY=
github.com/codeskyblue/heartbeat v0.0.0-20180510083815-41c9a36c9169/go.mod h1:L/Vc8wjkglTA5/s1l9/4YOa8e7sOzt4WerxU1AEC0LM=
github.com/codeskyblue/heartbeat v0.1.0 h1:46OkhlsDfwijBM3hJ4ntP2q4DDNLIhn83Hy7hbWElkU=
github.com/codeskyblue/heartbeat v0.1.0/go.mod h1:pFB0ihPR96d0DGpdqDcqbIsmPBUvJ9IW7IQMNbp1lo8=
github.com/codeskyblue/procfs v0.0.0-20180206025622-a4741d578088 h1:dZRsYxcxzPmaWIkqNzx/X79ya1jwMgPJExRYeS60i0s=
github.com/codeskyblue/procfs v0.0.0-20180206025622-a4741d578088/go.mod h1:LgpdL3YPlcwyMiEIRjqQaUNEVIpSyxhG8FC4mvoRh2M=
github.com/codeskyblue/realip v0.0.0-20180509031353-57e9cd075d0e h1:ImKTOlij69pQ3ftNIpBCgTpz52NLJmn3NyHITlgOwVM=
github.com/codeskyblue/realip v0.0.0-20180509031353-57e9cd075d0e/go.mod h1:S09jNhPIOrprdcNbJtRvu8SxrMPp61FQ2GEOm1So8u0=
github.com/codeskyblue/realip v0.1.0 h1:edX7sjS9eSVkKDdsEKzzJs7G+FTjBOZc21A8Fnfm2bE=
github.com/codeskyblue/realip v0.1.0/go.mod h1:u40LYBFKoL3VdgpadHU+HpbN+Z9QtdxfdBJ60K7cfy4=
github.com/codeskyblue/safetime v0.2.0 h1:9SsUmIE/xyXl7gcHsFV5415+VsmFdf52lWcnqv/19VY=
github.com/codeskyblue/safetime v0.2.0/go.mod h1:nxACt3tfibLz6RhKMzaVqGEYF0aL6OkoxK4JXcLyDFY=
github.com/davecgh/go-spew v1.1.1 h1:vj9j/u1bqnvCEfJOwUhtlOARqs3+rkHYY13jYWTU97c=
github.com/davecgh/go-spew v1.1.1/go.mod h1:J7Y8YcW2NihsgmVo/mv3lAwl/skON4iLHjSsI+c5H38=
github.com/dsnet/compress v0.0.0-20171208185109-cc9eb1d7ad76 h1:eX+pdPPlD279OWgdx7f6KqIRSONuK7egk+jDx7OM3Ac=
github.com/dsnet/compress v0.0.0-20171208185109-cc9eb1d7ad76/go.mod h1:KjxHHirfLaw19iGT70HvVjHQsL1vq1SRQB4yOsAfy2s=
github.com/franela/goreq v0.0.0-20171204163338-bcd34c9993f8 h1:a9ENSRDFBUPkJ5lCgVZh26+ZbGyoVJG7yb5SSzF5H54=
github.com/franela/goreq v0.0.0-20171204163338-bcd34c9993f8/go.mod h1:ZhphrRTfi2rbfLwlschooIH4+wKKDR4Pdxhh+TRoA20=
github.com/getlantern/context v0.0.0-20181106182922-539649cc3118 h1:n8rotJhMskm8bIQvNe1TIDta5JVJpH9g8QuHg2baJVs=
github.com/getlantern/context v0.0.0-20181106182922-539649cc3118/go.mod h1:L+mq6/vvYHKjCX2oez0CgEAJmbq1fbb/oNJIWQkBybY=
github.com/getlantern/errors v0.0.0-20180829142810-e24b7f4ff7c7 h1:pKm0g6hKvbd09FUAfFdlGBV/1L1e2KnXsapRNR6Z5/E=
github.com/getlantern/errors v0.0.0-20180829142810-e24b7f4ff7c7/go.mod h1:l+xpFBrCtDLpK9qNjxs+cHU6+BAdlBaxHqikB6Lku3A=
github.com/getlantern/go-update v0.0.0-20170504001518-d7c3f1ac97f8 h1:yexJQMPVopTGDKv9b+Zj2yxTgdXq0G8vHRktFqEIRBA=
github.com/getlantern/go-update v0.0.0-20170504001518-d7c3f1ac97f8/go.mod h1:goroSTghTcnjKaR2C8ovKWy1lEvRNfqHrW/kRJNMek0=
github.com/getlantern/golog v0.0.0-20170508214112-cca714f7feb5 h1:Okd7vkn9CfIgDBj1ST/vtBTCfD/kxIhYD412K+FRKPc=
github.com/getlantern/golog v0.0.0-20170508214112-cca714f7feb5/go.mod h1:Vwx1Cg64gCdIalad44uvQsKZw6LsVczIKZrUBStEjVw=
github.com/getlantern/hex v0.0.0-20160523043825-083fba3033ad h1:L/UatDVr6opOJnZdZnGwhFXjoIUwO6RHULxPyzb60L4=
github.com/getlantern/hex v0.0.0-20160523043825-083fba3033ad/go.mod h1:dD3CgOrwlzca8ed61CsZouQS5h5jIzkK9ZWrTcf0s+o=
github.com/getlantern/hidden v0.0.0-20160523043807-d52a649ab33a h1:gF6WQx7V8q91bBC4MUWOuKnWjUcDDi27d1zMdB0hPnM=
github.com/getlantern/hidden v0.0.0-20160523043807-d52a649ab33a/go.mod h1:6mmzY2kW1TOOrVy+r41Za2MxXM+hhqTtY3oBKd2AgFA=
github.com/getlantern/ops v0.0.0-20170904182230-37353306c908 h1:PiLUBXrdcPfVqAQVqLGCfKVq/5KI3KsRowk2mJ7IuVk=
github.com/getlantern/ops v0.0.0-20170904182230-37353306c908/go.mod h1:D5ao98qkA6pxftxoqzibIBBrLSUli+kYnJqrgBf9cIA=
github.com/getlantern/stack v1.5.0 h1:YLgl3UAwcpknNUG9UEy9hdZIAsKmLUUeROYY1sfyrJs=
github.com/getlantern/stack v1.5.0/go.mod h1:jFmW3KH+iSAt2vUkjB2vyM+SAxvdpIHa4PpAakJHO0w=
github.com/go-stack/stack v1.8.0 h1:5SgMzNM5HxrEjV0ww2lTmX6E2Izsfxas4+YHWRs3Lsk=
github.com/go-stack/stack v1.8.0/go.mod h1:v0f6uXyyMGvRgIKkXu+yp6POWl0qKG85gN/melR3HDY=
github.com/golang/snappy v0.0.0-20180518054509-2e65f85255db h1:woRePGFeVFfLKN/pOkfl+p/TAqKOfFu+7KPlMVpok/w=
github.com/golang/snappy v0.0.0-20180518054509-2e65f85255db/go.mod h1:/XxbfmMg8lxefKM7IXC3fBNl/7bRcc72aCRzEWrmP2Q=
github.com/gorilla/context v1.1.1 h1:AWwleXJkX/nhcU9bZSnZoi3h/qGYqQAGhq6zZe/aQW8=
github.com/gorilla/context v1.1.1/go.mod h1:kBGZzfjB9CEq2AlWe17Uuf7NDRt0dE0s8S51q0aT7Yg=
github.com/gorilla/handlers v1.4.0 h1:XulKRWSQK5uChr4pEgSE4Tc/OcmnU9GJuSwdog/tZsA=
github.com/gorilla/handlers v1.4.0/go.mod h1:Qkdc/uu4tH4g6mTK6auzZ766c4CA0Ng8+o/OAirnOIQ=
github.com/gorilla/mux v1.6.2 h1:Pgr17XVTNXAk3q/r4CpKzC5xBM/qW1uVLV+IhRZpIIk=
github.com/gorilla/mux v1.6.2/go.mod h1:1lud6UwP+6orDFRuTfBEV8e9/aOM/c4fVVCaMa2zaAs=
github.com/gorilla/websocket v1.4.0 h1:WDFjx/TMzVgy9VdMMQi2K2Emtwi2QcUQsztZ/zLaH/Q=
github.com/gorilla/websocket v1.4.0/go.mod h1:E7qHFY5m1UJ88s3WnNqhKjPHQ0heANvMoAMk2YaljkQ=
github.com/kardianos/osext v0.0.0-20170510131534-ae77be60afb1 h1:PJPDf8OUfOK1bb/NeTKd4f1QXZItOX389VN3B6qC8ro=
github.com/kardianos/osext v0.0.0-20170510131534-ae77be60afb1/go.mod h1:1NbS8ALrpOvjt0rHPNLyCIeMtbizbir8U//inJ+zuB8=
github.com/kballard/go-shellquote v0.0.0-20180428030007-95032a82bc51 h1:Z9n2FFNUXsshfwJMBgNA0RU6/i7WVaAegv3PtuIHPMs=
github.com/kballard/go-shellquote v0.0.0-20180428030007-95032a82bc51/go.mod h1:CzGEWj7cYgsdH8dAjBGEr58BoE7ScuLd+fwFZ44+/x8=
github.com/konsorten/go-windows-terminal-sequences v0.0.0-20180402223658-b729f2633dfe h1:CHRGQ8V7OlCYtwaKPJi3iA7J+YdNKdo8j7nG5IgDhjs=
github.com/konsorten/go-windows-terminal-sequences v0.0.0-20180402223658-b729f2633dfe/go.mod h1:T0+1ngSBFLxvqU3pZ+m/2kptfBszLMUkC4ZK/EgS/cQ=
github.com/kr/binarydist v0.1.0 h1:6kAoLA9FMMnNGSehX0s1PdjbEaACznAv/W219j2uvyo=
github.com/kr/binarydist v0.1.0/go.mod h1:DY7S//GCoz1BCd0B0EVrinCKAZN3pXe+MDaIZbXQVgM=
github.com/kr/pty v1.1.1 h1:VkoXIwSboBpnk99O/KFauAEILuNHv5DVFKZMBN/gUgw=
github.com/kr/pty v1.1.1/go.mod h1:pFQYn66WHrOpPYNljwOMqo10TkYh1fy3cYio2l3bCsQ=
github.com/mholt/archiver v0.0.0-20161130233847-cdc68dd1f170 h1:uerMvsRBNj3G6I6QJgUREDow+iLeAIVy9nVp1duM3QQ=
github.com/mholt/archiver v0.0.0-20161130233847-cdc68dd1f170/go.mod h1:Dh2dOXnSdiLxRiPoVfIr/fI1TwETms9B8CTWfeh7ROU=
github.com/mholt/archiver v1.1.2 h1:xukR55YIrnhDHp10lrNtRSsAK5THpWrOCuviweNSBw4=
github.com/mholt/archiver v1.1.2/go.mod h1:Dh2dOXnSdiLxRiPoVfIr/fI1TwETms9B8CTWfeh7ROU=
github.com/mholt/archiver v2.0.1-0.20171012052341-26cf5bb32d07+incompatible h1:rFTJTBrWyCqUtpGm5FRRGLB3usGujkJ4hgjcVT8KciE=
github.com/mholt/archiver v2.0.1-0.20171012052341-26cf5bb32d07+incompatible/go.mod h1:Dh2dOXnSdiLxRiPoVfIr/fI1TwETms9B8CTWfeh7ROU=
github.com/mholt/archiver v3.1.0+incompatible h1:S1rFZ7umHtN6cG+6cusrfoXTMPqp6u/R89iKxBYJd4w=
github.com/mholt/archiver v3.1.0+incompatible/go.mod h1:Dh2dOXnSdiLxRiPoVfIr/fI1TwETms9B8CTWfeh7ROU=
github.com/mitchellh/ioprogress v0.0.0-20180201004757-6a23b12fa88e h1:Qa6dnn8DlasdXRnacluu8HzPts0S1I9zvvUPDbBnXFI=
github.com/mitchellh/ioprogress v0.0.0-20180201004757-6a23b12fa88e/go.mod h1:waEya8ee1Ro/lgxpVhkJI4BVASzkm3UZqkx/cFJiYHM=
github.com/nwaples/rardecode v1.0.0 h1:r7vGuS5akxOnR4JQSkko62RJ1ReCMXxQRPtxsiFMBOs=
github.com/nwaples/rardecode v1.0.0/go.mod h1:5DzqNKiOdpKKBH87u8VlvAnPZMXcGRhxWkRpHbbfGS0=
github.com/openatx/androidutils v1.0.0 h1:gYKFX/LqOf4LxyO7dZrNfGtPNaCaSNrniUHL06MPATQ=
github.com/openatx/androidutils v1.0.0/go.mod h1:Pbja6rsE71OHQMhrK/tZm86fqB9Go8sXToi9CylrXEU=
github.com/openatx/atx-server v0.0.0-20180830093112-fd3a5c930ed3 h1:25HT+k6dXIosDpz5LfYC8BPNm9ruFPVEp5sDYOXP7OM=
github.com/openatx/atx-server v0.0.0-20180830093112-fd3a5c930ed3/go.mod h1:SqvurYSEW89MevYHLm6lAesgSFgm9kaQCTAGjJK2c2s=
github.com/openatx/atx-server v0.0.0-20181121094919-899e3078125e h1:rQVXwIy7cFWRaVf3fPWVrIaR/cGcPgK1iZTW6cSSMS4=
github.com/openatx/atx-server v0.0.0-20181121094919-899e3078125e/go.mod h1:SqvurYSEW89MevYHLm6lAesgSFgm9kaQCTAGjJK2c2s=
github.com/oxtoacart/bpool v0.0.0-20150712133111-4e1c5567d7c2 h1:CXwSGu/LYmbjEab5aMCs5usQRVBGThelUKBNnoSOuso=
github.com/oxtoacart/bpool v0.0.0-20150712133111-4e1c5567d7c2/go.mod h1:L3UMQOThbttwfYRNFOWLLVXMhk5Lkio4GGOtw5UrxS0=
github.com/pierrec/lz4 v2.0.5+incompatible h1:2xWsjqPFWcplujydGg4WmhC/6fZqK42wMM8aXeqhl0I=
github.com/pierrec/lz4 v2.0.5+incompatible/go.mod h1:pdkljMzZIN41W+lC3N2tnIh5sFi+IEE17M5jbnwPHcY=
github.com/pierrec/xxHash v0.1.1 h1:KP4NrV9023xp3M4FkTYfcXqWigsOCImL1ANJ7sh5vg4=
github.com/pierrec/xxHash v0.1.1/go.mod h1:w2waW5Zoa/Wc4Yqe0wgrIYAGKqRMf7czn2HNKXmuL+I=
github.com/pkg/errors v0.8.0 h1:WdK/asTD0HN+q6hsWO3/vpuAkAr+tw6aNJNDFFf0+qw=
github.com/pkg/errors v0.8.0/go.mod h1:bwawxfHBFNV+L2hUp1rHADufV3IMtnDRdf1r5NINEl0=
github.com/pmezard/go-difflib v1.0.0 h1:4DBwDE0NGyQoBHbLQYPwSUPoCMWR5BEzIk/f1lZbAQM=
github.com/pmezard/go-difflib v1.0.0/go.mod h1:iKH77koFhYxTK1pcRnkKkqfTogsbg7gZNVY4sRDYZ/4=
github.com/prometheus/procfs v0.0.0-20181005140218-185b4288413d h1:GoAlyOgbOEIFdaDqxJVlbOQ1DtGmZWs/Qau0hIlk+WQ=
github.com/prometheus/procfs v0.0.0-20181005140218-185b4288413d/go.mod h1:c3At6R/oaqEKCNdg8wHV1ftS6bRYblBhIjjI8uT2IGk=
github.com/qiniu/log v0.0.0-20140728010919-a304a74568d6 h1:pMot4yzjv8CtGQiGhRvVhwhQl3g4D0Hwkmyd0CVCiyk=
github.com/qiniu/log v0.0.0-20140728010919-a304a74568d6/go.mod h1:WSWulkCEBvfLKNNmweUmJjQGNaYzdHqpTRITXdUNQiQ=
github.com/rs/cors v1.6.0 h1:G9tHG9lebljV9mfp9SNPDL36nCDxmo3zTlAf1YgvzmI=
github.com/rs/cors v1.6.0/go.mod h1:gFx+x8UowdsKA9AchylcLynDq+nNFfI8FkUZdN/jGCU=
github.com/sevlyar/go-daemon v0.1.4 h1:Ayxp/9SNHwPBjV+kKbnHl2ch6rhxTu08jfkGkoxgULQ=
github.com/sevlyar/go-daemon v0.1.4/go.mod h1:6dJpPatBT9eUwM5VCw9Bt6CdX9Tk6UWvhW3MebLDRKE=
github.com/shogo82148/androidbinary v0.0.0-20180627093851-01c4bfa8b3b5 h1:bXRaUWl3Afe3F9YR5NU1U3UB5zjCHlu4im5p3J/LUYk=
github.com/shogo82148/androidbinary v0.0.0-20180627093851-01c4bfa8b3b5/go.mod h1:05AjXWPWLdTIl9+REKhSmTeoJ6Wz5e9ir0Q0NRxCIKo=
github.com/shurcooL/httpfs v0.0.0-20171119174359-809beceb2371 h1:SWV2fHctRpRrp49VXJ6UZja7gU9QLHwRpIPBN89SKEo=
github.com/shurcooL/httpfs v0.0.0-20171119174359-809beceb2371/go.mod h1:ZY1cvUeJuFPAdZ/B6v7RHavJWZn2YPVFQ1OSXhCGOkg=
github.com/shurcooL/vfsgen v0.0.0-20181020040650-a97a25d856ca h1:3fECS8atRjByijiI8yYiuwLwQ2ZxXobW7ua/8GRB3pI=
github.com/shurcooL/vfsgen v0.0.0-20181020040650-a97a25d856ca/go.mod h1:TrYk7fJVaAttu97ZZKrO9UbRa8izdowaMIZcxYMbVaw=
github.com/sirupsen/logrus v1.1.1 h1:VzGj7lhU7KEB9e9gMpAV/v5XT2NVSvLJhJLCWbnkgXg=
github.com/sirupsen/logrus v1.1.1/go.mod h1:zrgwTnHtNr00buQ1vSptGe8m1f/BbgsPukg8qsT7A+A=
github.com/stretchr/testify v1.2.2 h1:bSDNvY7ZPG5RlJ8otE/7V6gMiyenm9RtJ7IUVIAoJ1w=
github.com/stretchr/testify v1.2.2/go.mod h1:a8OnRcib4nhh0OaRAV+Yts87kKdq0PP7pXfy6kDkUVs=
github.com/ulikunitz/xz v0.5.5 h1:pFrO0lVpTBXLpYw+pnLj6TbvHuyjXMfjGeCwSqCVwok=
github.com/ulikunitz/xz v0.5.5/go.mod h1:2bypXElzHzzJZwzH67Y6wb67pO62Rzfn7BSiF4ABRW8=
github.com/xi2/xz v0.0.0-20171230120015-48954b6210f8 h1:nIPpBwaJSVYIxUFsDv3M8ofmx9yWTog9BfvIu0q41lo=
github.com/xi2/xz v0.0.0-20171230120015-48954b6210f8/go.mod h1:HUYIGzjTL3rfEspMxjDjgmT5uz5wzYJKVo23qUhYTos=
golang.org/x/crypto v0.0.0-20180904163835-0709b304e793/go.mod h1:6SG95UA2DQfeDnfUPMdvaQW0Q7yPrPDi9nlGo2tz2b4=
golang.org/x/crypto v0.0.0-20181112202954-3d3f9f413869 h1:kkXA53yGe04D0adEYJwEVQjeBppL01Exg+fnMjfUraU=
golang.org/x/crypto v0.0.0-20181112202954-3d3f9f413869/go.mod h1:6SG95UA2DQfeDnfUPMdvaQW0Q7yPrPDi9nlGo2tz2b4=
golang.org/x/net v0.0.0-20181114220301-adae6a3d119a h1:gOpx8G595UYyvj8UK4+OFyY4rx037g3fmfhe5SasG3U=
golang.org/x/net v0.0.0-20181114220301-adae6a3d119a/go.mod h1:mL1N/T3taQHkDXs73rZJwtUhF3w3ftmwwsq0BUmARs4=
golang.org/x/sys v0.0.0-20180905080454-ebe1bf3edb33/go.mod h1:STP8DvDyc/dI5b8T5hshtkjS+E42TnysNCUPdjciGhY=
golang.org/x/sys v0.0.0-20181121002834-0cf1ed9e522b h1:fpg9kqwtLzitbbnpLJATV5Ty8sDv8sJ2ii9+e6fG89A=
golang.org/x/sys v0.0.0-20181121002834-0cf1ed9e522b/go.mod h1:STP8DvDyc/dI5b8T5hshtkjS+E42TnysNCUPdjciGhY=
golang.org/x/tools v0.0.0-20181120234846-b5f2cae84da8 h1:ZgDnWHPLVIHK0eM44AhFy0EFEJjAVJfdmIhq1Hlwkak=
golang.org/x/tools v0.0.0-20181120234846-b5f2cae84da8/go.mod h1:n7NCudcB/nEzxVGmLbDWY5pfWTLqBcC2KZ6jyYvM4mQ=
